
Microsoft Visual Studio Solution File, Format Version 12.00
# Visual Studio Version 17
VisualStudioVersion = 17.1.32210.238
MinimumVisualStudioVersion = 10.0.40219.1
Project("{9A19103F-16F7-4668-BE54-9A1E7A4F7556}") = "MeetingManager", "MeetingManager\MeetingManager.csproj", "{19A29698-C948-4CFE-A15C-326888323CCE}"
EndProject
Project("{FAE04EC0-301F-11D3-BF4B-00C04F79EFBC}") = "MeetingManagerTests", "MeetingManagerTests\MeetingManagerTests.csproj", "{DFBF3F8A-1E0E-42FC-8355-D154D8DDA557}"
EndProject
Global
	GlobalSection(SolutionConfigurationPlatforms) = preSolution
		Debug|Any CPU = Debug|Any CPU
		Release|Any CPU = Release|Any CPU
	EndGlobalSection
	GlobalSection(ProjectConfigurationPlatforms) = postSolution
		{19A29698-C948-4CFE-A15C-326888323CCE}.Debug|Any CPU.ActiveCfg = Debug|Any CPU
		{19A29698-C948-4CFE-A15C-326888323CCE}.Debug|Any CPU.Build.0 = Debug|Any CPU
		{19A29698-C948-4CFE-A15C-326888323CCE}.Release|Any CPU.ActiveCfg = Release|Any CPU
		{19A29698-C948-4CFE-A15C-326888323CCE}.Release|Any CPU.Build.0 = Release|Any CPU
		{DFBF3F8A-1E0E-42FC-8355-D154D8DDA557}.Debug|Any CPU.ActiveCfg = Debug|Any CPU
		{DFBF3F8A-1E0E-42FC-8355-D154D8DDA557}.Debug|Any CPU.Build.0 = Debug|Any CPU
		{DFBF3F8A-1E0E-42FC-8355-D154D8DDA557}.Release|Any CPU.ActiveCfg = Release|Any CPU
		{DFBF3F8A-1E0E-42FC-8355-D154D8DDA557}.Release|Any CPU.Build.0 = Release|Any CPU
	EndGlobalSection
	GlobalSection(SolutionProperties) = preSolution
		HideSolutionNode = FALSE
	EndGlobalSection
	GlobalSection(ExtensibilityGlobals) = postSolution
		SolutionGuid = {ECB76B5A-A89E-42BA-88A0-5908FC632B58}
	EndGlobalSection
EndGlobal
